
Microsoft Visual Studio Solution File, Format Version 12.00
# Visual Studio Version 16
Project("{8BC9CEB8-8B4A-11D0-8D11-00A0C91BC942}") = "ALL_BUILD", "ALL_BUILD.vcxproj", "{41CCFB14-F985-319A-A458-CA1DE3076211}"
	ProjectSection(ProjectDependencies) = postProject
		{064B86CE-CC11-3AFC-92AA-1F0167BE5C27} = {064B86CE-CC11-3AFC-92AA-1F0167BE5C27}
		{C1D60E53-1C0A-3A91-A220-1AF1353769A3} = {C1D60E53-1C0A-3A91-A220-1AF1353769A3}
	EndProjectSection
EndProject
Project("{8BC9CEB8-8B4A-11D0-8D11-00A0C91BC942}") = "ZERO_CHECK", "ZERO_CHECK.vcxproj", "{064B86CE-CC11-3AFC-92AA-1F0167BE5C27}"
	ProjectSection(ProjectDependencies) = postProject
	EndProjectSection
EndProject
Project("{8BC9CEB8-8B4A-11D0-8D11-00A0C91BC942}") = "cmake_hello", "cmake_hello.vcxproj", "{C1D60E53-1C0A-3A91-A220-1AF1353769A3}"
	ProjectSection(ProjectDependencies) = postProject
		{064B86CE-CC11-3AFC-92AA-1F0167BE5C27} = {064B86CE-CC11-3AFC-92AA-1F0167BE5C27}
	EndProjectSection
EndProject
Global
	GlobalSection(SolutionConfigurationPlatforms) = preSolution
		Debug|x64 = Debug|x64
		Release|x64 = Release|x64
		MinSizeRel|x64 = MinSizeRel|x64
		RelWithDebInfo|x64 = RelWithDebInfo|x64
	EndGlobalSection
	GlobalSection(ProjectConfigurationPlatforms) = postSolution
		{41CCFB14-F985-319A-A458-CA1DE3076211}.Debug|x64.ActiveCfg = Debug|x64
		{41CCFB14-F985-319A-A458-CA1DE3076211}.Release|x64.ActiveCfg = Release|x64
		{41CCFB14-F985-319A-A458-CA1DE3076211}.MinSizeRel|x64.ActiveCfg = MinSizeRel|x64
		{41CCFB14-F985-319A-A458-CA1DE3076211}.RelWithDebInfo|x64.ActiveCfg = RelWithDebInfo|x64
		{064B86CE-CC11-3AFC-92AA-1F0167BE5C27}.Debug|x64.ActiveCfg = Debug|x64
		{064B86CE-CC11-3AFC-92AA-1F0167BE5C27}.Debug|x64.Build.0 = Debug|x64
		{064B86CE-CC11-3AFC-92AA-1F0167BE5C27}.Release|x64.ActiveCfg = Release|x64
		{064B86CE-CC11-3AFC-92AA-1F0167BE5C27}.Release|x64.Build.0 = Release|x64
		{064B86CE-CC11-3AFC-92AA-1F0167BE5C27}.MinSizeRel|x64.ActiveCfg = MinSizeRel|x64
		{064B86CE-CC11-3AFC-92AA-1F0167BE5C27}.MinSizeRel|x64.Build.0 = MinSizeRel|x64
		{064B86CE-CC11-3AFC-92AA-1F0167BE5C27}.RelWithDebInfo|x64.ActiveCfg = RelWithDebInfo|x64
		{064B86CE-CC11-3AFC-92AA-1F0167BE5C27}.RelWithDebInfo|x64.Build.0 = RelWithDebInfo|x64
		{C1D60E53-1C0A-3A91-A220-1AF1353769A3}.Debug|x64.ActiveCfg = Debug|x64
		{C1D60E53-1C0A-3A91-A220-1AF1353769A3}.Debug|x64.Build.0 = Debug|x64
		{C1D60E53-1C0A-3A91-A220-1AF1353769A3}.Release|x64.ActiveCfg = Release|x64
		{C1D60E53-1C0A-3A91-A220-1AF1353769A3}.Release|x64.Build.0 = Release|x64
		{C1D60E53-1C0A-3A91-A220-1AF1353769A3}.MinSizeRel|x64.ActiveCfg = MinSizeRel|x64
		{C1D60E53-1C0A-3A91-A220-1AF1353769A3}.MinSizeRel|x64.Build.0 = MinSizeRel|x64
		{C1D60E53-1C0A-3A91-A220-1AF1353769A3}.RelWithDebInfo|x64.ActiveCfg = RelWithDebInfo|x64
		{C1D60E53-1C0A-3A91-A220-1AF1353769A3}.RelWithDebInfo|x64.Build.0 = RelWithDebInfo|x64
	EndGlobalSection
	GlobalSection(ExtensibilityGlobals) = postSolution
		SolutionGuid = {AF8B442A-B46D-398A-B3DB-AF59AE61D48A}
	EndGlobalSection
	GlobalSection(ExtensibilityAddIns) = postSolution
	EndGlobalSection
EndGlobal
